
Microsoft Visual Studio Solution File, Format Version 12.00
# Visual Studio Version 16
VisualStudioVersion = 16.0.29519.87
MinimumVisualStudioVersion = 10.0.40219.1
Project("{FAE04EC0-301F-11D3-BF4B-00C04F79EFBC}") = "UI", "accessPsychology\UI.csproj", "{09C69D43-0D9B-4D72-8D5B-6B6C976B2DA2}"
EndProject
Project("{FAE04EC0-301F-11D3-BF4B-00C04F79EFBC}") = "BLL", "BLL\BLL.csproj", "{84CBC088-EDAE-4F8A-B3DE-62AE7C05DB97}"
EndProject
Project("{FAE04EC0-301F-11D3-BF4B-00C04F79EFBC}") = "DAL", "DAL\DAL.csproj", "{D0D61BEB-A1A0-4D08-810B-2D304C6461BB}"
EndProject
Project("{FAE04EC0-301F-11D3-BF4B-00C04F79EFBC}") = "IDAL", "IDAL\IDAL.csproj", "{A5B7F242-FF49-44AE-BD32-F011DB1525A1}"
EndProject
Project("{FAE04EC0-301F-11D3-BF4B-00C04F79EFBC}") = "DALFactory", "DALFactory\DALFactory.csproj", "{D6CB5950-A190-469E-AD98-1CBB6C51C356}"
EndProject
Project("{FAE04EC0-301F-11D3-BF4B-00C04F79EFBC}") = "Model", "Model\Model.csproj", "{7359391D-3838-4B4D-9BC8-00E5F19CBF2E}"
EndProject
Global
	GlobalSection(SolutionConfigurationPlatforms) = preSolution
		Debug|Any CPU = Debug|Any CPU
		Debug|ARM = Debug|ARM
		Debug|ARM64 = Debug|ARM64
		Debug|x64 = Debug|x64
		Debug|x86 = Debug|x86
		Release|Any CPU = Release|Any CPU
		Release|ARM = Release|ARM
		Release|ARM64 = Release|ARM64
		Release|x64 = Release|x64
		Release|x86 = Release|x86
	EndGlobalSection
	GlobalSection(ProjectConfigurationPlatforms) = postSolution
		{09C69D43-0D9B-4D72-8D5B-6B6C976B2DA2}.Debug|Any CPU.ActiveCfg = Debug|Any CPU
		{09C69D43-0D9B-4D72-8D5B-6B6C976B2DA2}.Debug|Any CPU.Build.0 = Debug|Any CPU
		{09C69D43-0D9B-4D72-8D5B-6B6C976B2DA2}.Debug|ARM.ActiveCfg = Debug|Any CPU
		{09C69D43-0D9B-4D72-8D5B-6B6C976B2DA2}.Debug|ARM.Build.0 = Debug|Any CPU
		{09C69D43-0D9B-4D72-8D5B-6B6C976B2DA2}.Debug|ARM64.ActiveCfg = Debug|Any CPU
		{09C69D43-0D9B-4D72-8D5B-6B6C976B2DA2}.Debug|ARM64.Build.0 = Debug|Any CPU
		{09C69D43-0D9B-4D72-8D5B-6B6C976B2DA2}.Debug|x64.ActiveCfg = Debug|Any CPU
		{09C69D43-0D9B-4D72-8D5B-6B6C976B2DA2}.Debug|x64.Build.0 = Debug|Any CPU
		{09C69D43-0D9B-4D72-8D5B-6B6C976B2DA2}.Debug|x86.ActiveCfg = Debug|Any CPU
		{09C69D43-0D9B-4D72-8D5B-6B6C976B2DA2}.Debug|x86.Build.0 = Debug|Any CPU
		{09C69D43-0D9B-4D72-8D5B-6B6C976B2DA2}.Release|Any CPU.ActiveCfg = Release|Any CPU
		{09C69D43-0D9B-4D72-8D5B-6B6C976B2DA2}.Release|Any CPU.Build.0 = Release|Any CPU
		{09C69D43-0D9B-4D72-8D5B-6B6C976B2DA2}.Release|ARM.ActiveCfg = Release|Any CPU
		{09C69D43-0D9B-4D72-8D5B-6B6C976B2DA2}.Release|ARM.Build.0 = Release|Any CPU
		{09C69D43-0D9B-4D72-8D5B-6B6C976B2DA2}.Release|ARM64.ActiveCfg = Release|Any CPU
		{09C69D43-0D9B-4D72-8D5B-6B6C976B2DA2}.Release|ARM64.Build.0 = Release|Any CPU
		{09C69D43-0D9B-4D72-8D5B-6B6C976B2DA2}.Release|x64.ActiveCfg = Release|Any CPU
		{09C69D43-0D9B-4D72-8D5B-6B6C976B2DA2}.Release|x64.Build.0 = Release|Any CPU
		{09C69D43-0D9B-4D72-8D5B-6B6C976B2DA2}.Release|x86.ActiveCfg = Release|Any CPU
		{09C69D43-0D9B-4D72-8D5B-6B6C976B2DA2}.Release|x86.Build.0 = Release|Any CPU
		{84CBC088-EDAE-4F8A-B3DE-62AE7C05DB97}.Debug|Any CPU.ActiveCfg = Debug|Any CPU
		{84CBC088-EDAE-4F8A-B3DE-62AE7C05DB97}.Debug|Any CPU.Build.0 = Debug|Any CPU
		{84CBC088-EDAE-4F8A-B3DE-62AE7C05DB97}.Debug|ARM.ActiveCfg = Debug|Any CPU
		{84CBC088-EDAE-4F8A-B3DE-62AE7C05DB97}.Debug|ARM.Build.0 = Debug|Any CPU
		{84CBC088-EDAE-4F8A-B3DE-62AE7C05DB97}.Debug|ARM64.ActiveCfg = Debug|Any CPU
		{84CBC088-EDAE-4F8A-B3DE-62AE7C05DB97}.Debug|ARM64.Build.0 = Debug|Any CPU
		{84CBC088-EDAE-4F8A-B3DE-62AE7C05DB97}.Debug|x64.ActiveCfg = Debug|Any CPU
		{84CBC088-EDAE-4F8A-B3DE-62AE7C05DB97}.Debug|x64.Build.0 = Debug|Any CPU
		{84CBC088-EDAE-4F8A-B3DE-62AE7C05DB97}.Debug|x86.ActiveCfg = Debug|Any CPU
		{84CBC088-EDAE-4F8A-B3DE-62AE7C05DB97}.Debug|x86.Build.0 = Debug|Any CPU
		{84CBC088-EDAE-4F8A-B3DE-62AE7C05DB97}.Release|Any CPU.ActiveCfg = Release|Any CPU
		{84CBC088-EDAE-4F8A-B3DE-62AE7C05DB97}.Release|Any CPU.Build.0 = Release|Any CPU
		{84CBC088-EDAE-4F8A-B3DE-62AE7C05DB97}.Release|ARM.ActiveCfg = Release|Any CPU
		{84CBC088-EDAE-4F8A-B3DE-62AE7C05DB97}.Release|ARM.Build.0 = Release|Any CPU
		{84CBC088-EDAE-4F8A-B3DE-62AE7C05DB97}.Release|ARM64.ActiveCfg = Release|Any CPU
		{84CBC088-EDAE-4F8A-B3DE-62AE7C05DB97}.Release|ARM64.Build.0 = Release|Any CPU
		{84CBC088-EDAE-4F8A-B3DE-62AE7C05DB97}.Release|x64.ActiveCfg = Release|Any CPU
		{84CBC088-EDAE-4F8A-B3DE-62AE7C05DB97}.Release|x64.Build.0 = Release|Any CPU
		{84CBC088-EDAE-4F8A-B3DE-62AE7C05DB97}.Release|x86.ActiveCfg = Release|Any CPU
		{84CBC088-EDAE-4F8A-B3DE-62AE7C05DB97}.Release|x86.Build.0 = Release|Any CPU
		{D0D61BEB-A1A0-4D08-810B-2D304C6461BB}.Debug|Any CPU.ActiveCfg = Debug|Any CPU
		{D0D61BEB-A1A0-4D08-810B-2D304C6461BB}.Debug|Any CPU.Build.0 = Debug|Any CPU
		{D0D61BEB-A1A0-4D08-810B-2D304C6461BB}.Debug|ARM.ActiveCfg = Debug|Any CPU
		{D0D61BEB-A1A0-4D08-810B-2D304C6461BB}.Debug|ARM.Build.0 = Debug|Any CPU
		{D0D61BEB-A1A0-4D08-810B-2D304C6461BB}.Debug|ARM64.ActiveCfg = Debug|Any CPU
		{D0D61BEB-A1A0-4D08-810B-2D304C6461BB}.Debug|ARM64.Build.0 = Debug|Any CPU
		{D0D61BEB-A1A0-4D08-810B-2D304C6461BB}.Debug|x64.ActiveCfg = Debug|Any CPU
		{D0D61BEB-A1A0-4D08-810B-2D304C6461BB}.Debug|x64.Build.0 = Debug|Any CPU
		{D0D61BEB-A1A0-4D08-810B-2D304C6461BB}.Debug|x86.ActiveCfg = Debug|Any CPU
		{D0D61BEB-A1A0-4D08-810B-2D304C6461BB}.Debug|x86.Build.0 = Debug|Any CPU
		{D0D61BEB-A1A0-4D08-810B-2D304C6461BB}.Release|Any CPU.ActiveCfg = Release|Any CPU
		{D0D61BEB-A1A0-4D08-810B-2D304C6461BB}.Release|Any CPU.Build.0 = Release|Any CPU
		{D0D61BEB-A1A0-4D08-810B-2D304C6461BB}.Release|ARM.ActiveCfg = Release|Any CPU
		{D0D61BEB-A1A0-4D08-810B-2D304C6461BB}.Release|ARM.Build.0 = Release|Any CPU
		{D0D61BEB-A1A0-4D08-810B-2D304C6461BB}.Release|ARM64.ActiveCfg = Release|Any CPU
		{D0D61BEB-A1A0-4D08-810B-2D304C6461BB}.Release|ARM64.Build.0 = Release|Any CPU
		{D0D61BEB-A1A0-4D08-810B-2D304C6461BB}.Release|x64.ActiveCfg = Release|Any CPU
		{D0D61BEB-A1A0-4D08-810B-2D304C6461BB}.Release|x64.Build.0 = Release|Any CPU
		{D0D61BEB-A1A0-4D08-810B-2D304C6461BB}.Release|x86.ActiveCfg = Release|Any CPU
		{D0D61BEB-A1A0-4D08-810B-2D304C6461BB}.Release|x86.Build.0 = Release|Any CPU
		{A5B7F242-FF49-44AE-BD32-F011DB1525A1}.Debug|Any CPU.ActiveCfg = Debug|Any CPU
		{A5B7F242-FF49-44AE-BD32-F011DB1525A1}.Debug|Any CPU.Build.0 = Debug|Any CPU
		{A5B7F242-FF49-44AE-BD32-F011DB1525A1}.Debug|ARM.ActiveCfg = Debug|Any CPU
		{A5B7F242-FF49-44AE-BD32-F011DB1525A1}.Debug|ARM.Build.0 = Debug|Any CPU
		{A5B7F242-FF49-44AE-BD32-F011DB1525A1}.Debug|ARM64.ActiveCfg = Debug|Any CPU
		{A5B7F242-FF49-44AE-BD32-F011DB1525A1}.Debug|ARM64.Build.0 = Debug|Any CPU
		{A5B7F242-FF49-44AE-BD32-F011DB1525A1}.Debug|x64.ActiveCfg = Debug|Any CPU
		{A5B7F242-FF49-44AE-BD32-F011DB1525A1}.Debug|x64.Build.0 = Debug|Any CPU
		{A5B7F242-FF49-44AE-BD32-F011DB1525A1}.Debug|x86.ActiveCfg = Debug|Any CPU
		{A5B7F242-FF49-44AE-BD32-F011DB1525A1}.Debug|x86.Build.0 = Debug|Any CPU
		{A5B7F242-FF49-44AE-BD32-F011DB1525A1}.Release|Any CPU.ActiveCfg = Release|Any CPU
		{A5B7F242-FF49-44AE-BD32-F011DB1525A1}.Release|Any CPU.Build.0 = Release|Any CPU
		{A5B7F242-FF49-44AE-BD32-F011DB1525A1}.Release|ARM.ActiveCfg = Release|Any CPU
		{A5B7F242-FF49-44AE-BD32-F011DB1525A1}.Release|ARM.Build.0 = Release|Any CPU
		{A5B7F242-FF49-44AE-BD32-F011DB1525A1}.Release|ARM64.ActiveCfg = Release|Any CPU
		{A5B7F242-FF49-44AE-BD32-F011DB1525A1}.Release|ARM64.Build.0 = Release|Any CPU
		{A5B7F242-FF49-44AE-BD32-F011DB1525A1}.Release|x64.ActiveCfg = Release|Any CPU
		{A5B7F242-FF49-44AE-BD32-F011DB1525A1}.Release|x64.Build.0 = Release|Any CPU
		{A5B7F242-FF49-44AE-BD32-F011DB1525A1}.Release|x86.ActiveCfg = Release|Any CPU
		{A5B7F242-FF49-44AE-BD32-F011DB1525A1}.Release|x86.Build.0 = Release|Any CPU
		{D6CB5950-A190-469E-AD98-1CBB6C51C356}.Debug|Any CPU.ActiveCfg = Debug|Any CPU
		{D6CB5950-A190-469E-AD98-1CBB6C51C356}.Debug|Any CPU.Build.0 = Debug|Any CPU
		{D6CB5950-A190-469E-AD98-1CBB6C51C356}.Debug|ARM.ActiveCfg = Debug|Any CPU
		{D6CB5950-A190-469E-AD98-1CBB6C51C356}.Debug|ARM.Build.0 = Debug|Any CPU
		{D6CB5950-A190-469E-AD98-1CBB6C51C356}.Debug|ARM64.ActiveCfg = Debug|Any CPU
		{D6CB5950-A190-469E-AD98-1CBB6C51C356}.Debug|ARM64.Build.0 = Debug|Any CPU
		{D6CB5950-A190-469E-AD98-1CBB6C51C356}.Debug|x64.ActiveCfg = Debug|Any CPU
		{D6CB5950-A190-469E-AD98-1CBB6C51C356}.Debug|x64.Build.0 = Debug|Any CPU
		{D6CB5950-A190-469E-AD98-1CBB6C51C356}.Debug|x86.ActiveCfg = Debug|Any CPU
		{D6CB5950-A190-469E-AD98-1CBB6C51C356}.Debug|x86.Build.0 = Debug|Any CPU
		{D6CB5950-A190-469E-AD98-1CBB6C51C356}.Release|Any CPU.ActiveCfg = Release|Any CPU
		{D6CB5950-A190-469E-AD98-1CBB6C51C356}.Release|Any CPU.Build.0 = Release|Any CPU
		{D6CB5950-A190-469E-AD98-1CBB6C51C356}.Release|ARM.ActiveCfg = Release|Any CPU
		{D6CB5950-A190-469E-AD98-1CBB6C51C356}.Release|ARM.Build.0 = Release|Any CPU
		{D6CB5950-A190-469E-AD98-1CBB6C51C356}.Release|ARM64.ActiveCfg = Release|Any CPU
		{D6CB5950-A190-469E-AD98-1CBB6C51C356}.Release|ARM64.Build.0 = Release|Any CPU
		{D6CB5950-A190-469E-AD98-1CBB6C51C356}.Release|x64.ActiveCfg = Release|Any CPU
		{D6CB5950-A190-469E-AD98-1CBB6C51C356}.Release|x64.Build.0 = Release|Any CPU
		{D6CB5950-A190-469E-AD98-1CBB6C51C356}.Release|x86.ActiveCfg = Release|Any CPU
		{D6CB5950-A190-469E-AD98-1CBB6C51C356}.Release|x86.Build.0 = Release|Any CPU
		{7359391D-3838-4B4D-9BC8-00E5F19CBF2E}.Debug|Any CPU.ActiveCfg = Debug|Any CPU
		{7359391D-3838-4B4D-9BC8-00E5F19CBF2E}.Debug|Any CPU.Build.0 = Debug|Any CPU
		{7359391D-3838-4B4D-9BC8-00E5F19CBF2E}.Debug|ARM.ActiveCfg = Debug|Any CPU
		{7359391D-3838-4B4D-9BC8-00E5F19CBF2E}.Debug|ARM.Build.0 = Debug|Any CPU
		{7359391D-3838-4B4D-9BC8-00E5F19CBF2E}.Debug|ARM64.ActiveCfg = Debug|Any CPU
		{7359391D-3838-4B4D-9BC8-00E5F19CBF2E}.Debug|ARM64.Build.0 = Debug|Any CPU
		{7359391D-3838-4B4D-9BC8-00E5F19CBF2E}.Debug|x64.ActiveCfg = Debug|Any CPU
		{7359391D-3838-4B4D-9BC8-00E5F19CBF2E}.Debug|x64.Build.0 = Debug|Any CPU
		{7359391D-3838-4B4D-9BC8-00E5F19CBF2E}.Debug|x86.ActiveCfg = Debug|Any CPU
		{7359391D-3838-4B4D-9BC8-00E5F19CBF2E}.Debug|x86.Build.0 = Debug|Any CPU
		{7359391D-3838-4B4D-9BC8-00E5F19CBF2E}.Release|Any CPU.ActiveCfg = Release|Any CPU
		{7359391D-3838-4B4D-9BC8-00E5F19CBF2E}.Release|Any CPU.Build.0 = Release|Any CPU
		{7359391D-3838-4B4D-9BC8-00E5F19CBF2E}.Release|ARM.ActiveCfg = Release|Any CPU
		{7359391D-3838-4B4D-9BC8-00E5F19CBF2E}.Release|ARM.Build.0 = Release|Any CPU
		{7359391D-3838-4B4D-9BC8-00E5F19CBF2E}.Release|ARM64.ActiveCfg = Release|Any CPU
		{7359391D-3838-4B4D-9BC8-00E5F19CBF2E}.Release|ARM64.Build.0 = Release|Any CPU
		{7359391D-3838-4B4D-9BC8-00E5F19CBF2E}.Release|x64.ActiveCfg = Release|Any CPU
		{7359391D-3838-4B4D-9BC8-00E5F19CBF2E}.Release|x64.Build.0 = Release|Any CPU
		{7359391D-3838-4B4D-9BC8-00E5F19CBF2E}.Release|x86.ActiveCfg = Release|Any CPU
		{7359391D-3838-4B4D-9BC8-00E5F19CBF2E}.Release|x86.Build.0 = Release|Any CPU
	EndGlobalSection
	GlobalSection(SolutionProperties) = preSolution
		HideSolutionNode = FALSE
	EndGlobalSection
	GlobalSection(ExtensibilityGlobals) = postSolution
		SolutionGuid = {11F6C85B-4009-48A5-BD50-AFAEA4217741}
	EndGlobalSection
EndGlobal
